
Microsoft Visual Studio Solution File, Format Version 12.00
# Visual Studio Version 17
VisualStudioVersion = 17.0.31903.59
MinimumVisualStudioVersion = 10.0.40219.1
Project("{2150E333-8FDC-42A3-9474-1A3956D46DE8}") = "src", "src", "{9E29F502-26B4-4B53-9FC4-7E1A067B989D}"
EndProject
Project("{FAE04EC0-301F-11D3-BF4B-00C04F79EFBC}") = "Domain", "src\Domain\Domain.csproj", "{F6607DBB-91BD-42C4-96E0-9507ED2CEDE1}"
EndProject
Project("{FAE04EC0-301F-11D3-BF4B-00C04F79EFBC}") = "Application", "src\Application\Application.csproj", "{795CAABC-30AE-4F05-9307-D448CF1FB3CF}"
EndProject
Project("{FAE04EC0-301F-11D3-BF4B-00C04F79EFBC}") = "Infrastructure", "src\Infrastructure\Infrastructure.csproj", "{A8303C3E-4826-4FDA-A8BB-4D692FDF7C4E}"
EndProject
Project("{FAE04EC0-301F-11D3-BF4B-00C04F79EFBC}") = "Api", "src\Api\Api.csproj", "{3DDC9410-76E6-4212-9F25-B23CDFCD76C5}"
EndProject
Project("{2150E333-8FDC-42A3-9474-1A3956D46DE8}") = "Solution Items", "Solution Items", "{7EB7831A-E4DE-4103-9FA4-290FB1317F50}"
	ProjectSection(SolutionItems) = preProject
		.editorconfig = .editorconfig
	EndProjectSection
EndProject
Project("{2150E333-8FDC-42A3-9474-1A3956D46DE8}") = "tests", "tests", "{8F1B78D0-BCAD-4556-9A28-3AEA21C13475}"
EndProject
Project("{FAE04EC0-301F-11D3-BF4B-00C04F79EFBC}") = "Tests", "tests\Tests\Tests.csproj", "{DD709CA2-E5CA-4FFA-A3B4-873E36373AB4}"
EndProject
Global
	GlobalSection(SolutionConfigurationPlatforms) = preSolution
		Debug|Any CPU = Debug|Any CPU
		Release|Any CPU = Release|Any CPU
	EndGlobalSection
	GlobalSection(SolutionProperties) = preSolution
		HideSolutionNode = FALSE
	EndGlobalSection
	GlobalSection(ProjectConfigurationPlatforms) = postSolution
		{F6607DBB-91BD-42C4-96E0-9507ED2CEDE1}.Debug|Any CPU.ActiveCfg = Debug|Any CPU
		{F6607DBB-91BD-42C4-96E0-9507ED2CEDE1}.Debug|Any CPU.Build.0 = Debug|Any CPU
		{F6607DBB-91BD-42C4-96E0-9507ED2CEDE1}.Release|Any CPU.ActiveCfg = Release|Any CPU
		{F6607DBB-91BD-42C4-96E0-9507ED2CEDE1}.Release|Any CPU.Build.0 = Release|Any CPU
		{795CAABC-30AE-4F05-9307-D448CF1FB3CF}.Debug|Any CPU.ActiveCfg = Debug|Any CPU
		{795CAABC-30AE-4F05-9307-D448CF1FB3CF}.Debug|Any CPU.Build.0 = Debug|Any CPU
		{795CAABC-30AE-4F05-9307-D448CF1FB3CF}.Release|Any CPU.ActiveCfg = Release|Any CPU
		{795CAABC-30AE-4F05-9307-D448CF1FB3CF}.Release|Any CPU.Build.0 = Release|Any CPU
		{A8303C3E-4826-4FDA-A8BB-4D692FDF7C4E}.Debug|Any CPU.ActiveCfg = Debug|Any CPU
		{A8303C3E-4826-4FDA-A8BB-4D692FDF7C4E}.Debug|Any CPU.Build.0 = Debug|Any CPU
		{A8303C3E-4826-4FDA-A8BB-4D692FDF7C4E}.Release|Any CPU.ActiveCfg = Release|Any CPU
		{A8303C3E-4826-4FDA-A8BB-4D692FDF7C4E}.Release|Any CPU.Build.0 = Release|Any CPU
		{3DDC9410-76E6-4212-9F25-B23CDFCD76C5}.Debug|Any CPU.ActiveCfg = Debug|Any CPU
		{3DDC9410-76E6-4212-9F25-B23CDFCD76C5}.Debug|Any CPU.Build.0 = Debug|Any CPU
		{3DDC9410-76E6-4212-9F25-B23CDFCD76C5}.Release|Any CPU.ActiveCfg = Release|Any CPU
		{3DDC9410-76E6-4212-9F25-B23CDFCD76C5}.Release|Any CPU.Build.0 = Release|Any CPU
		{DD709CA2-E5CA-4FFA-A3B4-873E36373AB4}.Debug|Any CPU.ActiveCfg = Debug|Any CPU
		{DD709CA2-E5CA-4FFA-A3B4-873E36373AB4}.Debug|Any CPU.Build.0 = Debug|Any CPU
		{DD709CA2-E5CA-4FFA-A3B4-873E36373AB4}.Release|Any CPU.ActiveCfg = Release|Any CPU
		{DD709CA2-E5CA-4FFA-A3B4-873E36373AB4}.Release|Any CPU.Build.0 = Release|Any CPU
	EndGlobalSection
	GlobalSection(NestedProjects) = preSolution
		{F6607DBB-91BD-42C4-96E0-9507ED2CEDE1} = {9E29F502-26B4-4B53-9FC4-7E1A067B989D}
		{795CAABC-30AE-4F05-9307-D448CF1FB3CF} = {9E29F502-26B4-4B53-9FC4-7E1A067B989D}
		{A8303C3E-4826-4FDA-A8BB-4D692FDF7C4E} = {9E29F502-26B4-4B53-9FC4-7E1A067B989D}
		{3DDC9410-76E6-4212-9F25-B23CDFCD76C5} = {9E29F502-26B4-4B53-9FC4-7E1A067B989D}
		{DD709CA2-E5CA-4FFA-A3B4-873E36373AB4} = {8F1B78D0-BCAD-4556-9A28-3AEA21C13475}
	EndGlobalSection
EndGlobal
