
Microsoft Visual Studio Solution File, Format Version 12.00
# Visual Studio Version 16
VisualStudioVersion = 25.0.1705.5
MinimumVisualStudioVersion = 10.0.40219.1
Project("{FAE04EC0-301F-11D3-BF4B-00C04F79EFBC}") = "fastTyping.Api", "fastTyping\fastTyping.Api.csproj", "{8C64888B-4C9B-4057-9630-2385CB5CC850}"
EndProject
Project("{FAE04EC0-301F-11D3-BF4B-00C04F79EFBC}") = "fastTyping.Common", "fastTyping.Common\fastTyping.Common.csproj", "{341BC2B7-2762-4905-8A81-ED6B467ABC09}"
EndProject
Project("{FAE04EC0-301F-11D3-BF4B-00C04F79EFBC}") = "fastTyping.Database", "Database\fastTyping.Database.csproj", "{990FD196-D5DE-4125-AE4E-0731DDC30322}"
EndProject
Project("{FAE04EC0-301F-11D3-BF4B-00C04F79EFBC}") = "fastTyping.Infrastructure", "fastTyping.Infrastructure\fastTyping.Infrastructure.csproj", "{A31A975C-3D02-411B-9C5F-B1651B656E17}"
EndProject
Project("{FAE04EC0-301F-11D3-BF4B-00C04F79EFBC}") = "fastTyping.Tests", "fastTyping.Tests\fastTyping.Tests.csproj", "{5512FBF4-31EF-4E3F-B857-1277DC03F7F9}"
EndProject
Global
	GlobalSection(SolutionConfigurationPlatforms) = preSolution
		Debug|Any CPU = Debug|Any CPU
		Release|Any CPU = Release|Any CPU
	EndGlobalSection
	GlobalSection(ProjectConfigurationPlatforms) = postSolution
		{8C64888B-4C9B-4057-9630-2385CB5CC850}.Debug|Any CPU.ActiveCfg = Debug|Any CPU
		{8C64888B-4C9B-4057-9630-2385CB5CC850}.Debug|Any CPU.Build.0 = Debug|Any CPU
		{8C64888B-4C9B-4057-9630-2385CB5CC850}.Release|Any CPU.ActiveCfg = Release|Any CPU
		{8C64888B-4C9B-4057-9630-2385CB5CC850}.Release|Any CPU.Build.0 = Release|Any CPU
		{341BC2B7-2762-4905-8A81-ED6B467ABC09}.Debug|Any CPU.ActiveCfg = Debug|Any CPU
		{341BC2B7-2762-4905-8A81-ED6B467ABC09}.Debug|Any CPU.Build.0 = Debug|Any CPU
		{341BC2B7-2762-4905-8A81-ED6B467ABC09}.Release|Any CPU.ActiveCfg = Release|Any CPU
		{341BC2B7-2762-4905-8A81-ED6B467ABC09}.Release|Any CPU.Build.0 = Release|Any CPU
		{990FD196-D5DE-4125-AE4E-0731DDC30322}.Debug|Any CPU.ActiveCfg = Debug|Any CPU
		{990FD196-D5DE-4125-AE4E-0731DDC30322}.Debug|Any CPU.Build.0 = Debug|Any CPU
		{990FD196-D5DE-4125-AE4E-0731DDC30322}.Release|Any CPU.ActiveCfg = Release|Any CPU
		{990FD196-D5DE-4125-AE4E-0731DDC30322}.Release|Any CPU.Build.0 = Release|Any CPU
		{A31A975C-3D02-411B-9C5F-B1651B656E17}.Debug|Any CPU.ActiveCfg = Debug|Any CPU
		{A31A975C-3D02-411B-9C5F-B1651B656E17}.Debug|Any CPU.Build.0 = Debug|Any CPU
		{A31A975C-3D02-411B-9C5F-B1651B656E17}.Release|Any CPU.ActiveCfg = Release|Any CPU
		{A31A975C-3D02-411B-9C5F-B1651B656E17}.Release|Any CPU.Build.0 = Release|Any CPU
		{5512FBF4-31EF-4E3F-B857-1277DC03F7F9}.Debug|Any CPU.ActiveCfg = Debug|Any CPU
		{5512FBF4-31EF-4E3F-B857-1277DC03F7F9}.Debug|Any CPU.Build.0 = Debug|Any CPU
		{5512FBF4-31EF-4E3F-B857-1277DC03F7F9}.Release|Any CPU.ActiveCfg = Release|Any CPU
		{5512FBF4-31EF-4E3F-B857-1277DC03F7F9}.Release|Any CPU.Build.0 = Release|Any CPU
	EndGlobalSection
	GlobalSection(SolutionProperties) = preSolution
		HideSolutionNode = FALSE
	EndGlobalSection
	GlobalSection(ExtensibilityGlobals) = postSolution
		SolutionGuid = {A4C4661B-05EC-4AC8-AA0E-4C825528C042}
	EndGlobalSection
EndGlobal
