
Microsoft Visual Studio Solution File, Format Version 12.00
# Visual Studio Version 16
VisualStudioVersion = 25.0.1705.5
MinimumVisualStudioVersion = 10.0.40219.1
Project("{FAE04EC0-301F-11D3-BF4B-00C04F79EFBC}") = "TypeFasting", "TypeFasting\TypeFasting.csproj", "{7017083F-AE22-4E47-8E73-0047D833EC4F}"
EndProject
Global
	GlobalSection(SolutionConfigurationPlatforms) = preSolution
		Debug|Any CPU = Debug|Any CPU
		Release|Any CPU = Release|Any CPU
	EndGlobalSection
	GlobalSection(ProjectConfigurationPlatforms) = postSolution
		{7017083F-AE22-4E47-8E73-0047D833EC4F}.Debug|Any CPU.ActiveCfg = Debug|Any CPU
		{7017083F-AE22-4E47-8E73-0047D833EC4F}.Debug|Any CPU.Build.0 = Debug|Any CPU
		{7017083F-AE22-4E47-8E73-0047D833EC4F}.Release|Any CPU.ActiveCfg = Release|Any CPU
		{7017083F-AE22-4E47-8E73-0047D833EC4F}.Release|Any CPU.Build.0 = Release|Any CPU
	EndGlobalSection
	GlobalSection(SolutionProperties) = preSolution
		HideSolutionNode = FALSE
	EndGlobalSection
	GlobalSection(ExtensibilityGlobals) = postSolution
		SolutionGuid = {4AF101AA-DBD4-4C34-AB04-B4B064EB1453}
	EndGlobalSection
EndGlobal
